
Microsoft Visual Studio Solution File, Format Version 11.00
# Visual Studio 2010
Project("{FAE04EC0-301F-11D3-BF4B-00C04F79EFBC}") = "Turok_Son_of_Stone", "Assembly-CSharp-firstpass.csproj", "{BE14CC15-A1E6-9EE0-4AE6-FDA303430E6D}"
EndProject
Project("{FAE04EC0-301F-11D3-BF4B-00C04F79EFBC}") = "Turok_Son_of_Stone", "Assembly-CSharp.csproj", "{E79A9333-E258-D0DB-95DE-B866E3A0E85B}"
EndProject
Project("{FAE04EC0-301F-11D3-BF4B-00C04F79EFBC}") = "Turok_Son_of_Stone", "Assembly-CSharp-Editor-firstpass.csproj", "{30185CAC-064B-21C8-AA60-75C206FA5E58}"
EndProject
Project("{FAE04EC0-301F-11D3-BF4B-00C04F79EFBC}") = "Turok_Son_of_Stone", "Assembly-CSharp-Editor.csproj", "{1ED1DFC7-B01F-DE3A-E665-188EED53FAA3}"
EndProject
Global
	GlobalSection(SolutionConfigurationPlatforms) = preSolution
		Debug|Any CPU = Debug|Any CPU
		Release|Any CPU = Release|Any CPU
	EndGlobalSection
	GlobalSection(ProjectConfigurationPlatforms) = postSolution
		{BE14CC15-A1E6-9EE0-4AE6-FDA303430E6D}.Debug|Any CPU.ActiveCfg = Debug|Any CPU
		{BE14CC15-A1E6-9EE0-4AE6-FDA303430E6D}.Debug|Any CPU.Build.0 = Debug|Any CPU
		{BE14CC15-A1E6-9EE0-4AE6-FDA303430E6D}.Release|Any CPU.ActiveCfg = Release|Any CPU
		{BE14CC15-A1E6-9EE0-4AE6-FDA303430E6D}.Release|Any CPU.Build.0 = Release|Any CPU
		{E79A9333-E258-D0DB-95DE-B866E3A0E85B}.Debug|Any CPU.ActiveCfg = Debug|Any CPU
		{E79A9333-E258-D0DB-95DE-B866E3A0E85B}.Debug|Any CPU.Build.0 = Debug|Any CPU
		{E79A9333-E258-D0DB-95DE-B866E3A0E85B}.Release|Any CPU.ActiveCfg = Release|Any CPU
		{E79A9333-E258-D0DB-95DE-B866E3A0E85B}.Release|Any CPU.Build.0 = Release|Any CPU
		{30185CAC-064B-21C8-AA60-75C206FA5E58}.Debug|Any CPU.ActiveCfg = Debug|Any CPU
		{30185CAC-064B-21C8-AA60-75C206FA5E58}.Debug|Any CPU.Build.0 = Debug|Any CPU
		{30185CAC-064B-21C8-AA60-75C206FA5E58}.Release|Any CPU.ActiveCfg = Release|Any CPU
		{30185CAC-064B-21C8-AA60-75C206FA5E58}.Release|Any CPU.Build.0 = Release|Any CPU
		{1ED1DFC7-B01F-DE3A-E665-188EED53FAA3}.Debug|Any CPU.ActiveCfg = Debug|Any CPU
		{1ED1DFC7-B01F-DE3A-E665-188EED53FAA3}.Debug|Any CPU.Build.0 = Debug|Any CPU
		{1ED1DFC7-B01F-DE3A-E665-188EED53FAA3}.Release|Any CPU.ActiveCfg = Release|Any CPU
		{1ED1DFC7-B01F-DE3A-E665-188EED53FAA3}.Release|Any CPU.Build.0 = Release|Any CPU
	EndGlobalSection
	GlobalSection(SolutionProperties) = preSolution
		HideSolutionNode = FALSE
	EndGlobalSection
	GlobalSection(MonoDevelopProperties) = preSolution
		StartupItem = Assembly-CSharp.csproj
	EndGlobalSection
EndGlobal
